
Microsoft Visual Studio Solution File, Format Version 12.00
# Visual Studio Version 16
VisualStudioVersion = 16.0.29709.97
MinimumVisualStudioVersion = 10.0.40219.1
Project("{FAE04EC0-301F-11D3-BF4B-00C04F79EFBC}") = "AzureDevOps", "AzureDevOps\AzureDevOps.csproj", "{17ADAB69-F57F-4439-8AA7-8FF327CC5077}"
EndProject
Global
	GlobalSection(SolutionConfigurationPlatforms) = preSolution
		Debug|Any CPU = Debug|Any CPU
		Release|Any CPU = Release|Any CPU
	EndGlobalSection
	GlobalSection(ProjectConfigurationPlatforms) = postSolution
		{17ADAB69-F57F-4439-8AA7-8FF327CC5077}.Debug|Any CPU.ActiveCfg = Debug|Any CPU
		{17ADAB69-F57F-4439-8AA7-8FF327CC5077}.Debug|Any CPU.Build.0 = Debug|Any CPU
		{17ADAB69-F57F-4439-8AA7-8FF327CC5077}.Release|Any CPU.ActiveCfg = Release|Any CPU
		{17ADAB69-F57F-4439-8AA7-8FF327CC5077}.Release|Any CPU.Build.0 = Release|Any CPU
	EndGlobalSection
	GlobalSection(SolutionProperties) = preSolution
		HideSolutionNode = FALSE
	EndGlobalSection
	GlobalSection(ExtensibilityGlobals) = postSolution
		SolutionGuid = {C0E4A348-9B57-4346-B7D4-C21DB3569DDB}
	EndGlobalSection
EndGlobal
